// !$*UTF8*$!
{
	archiveVersion = 1;
	classes = {
	};
	objectVersion = 46;
	objects = {

/* Begin PBXBuildFile section */
		8D0B8630168D3B7B00DEA5B7 /* UIKit.framework in Frameworks */ = {isa = PBXBuildFile; fileRef = 8D0B862F168D3B7B00DEA5B7 /* UIKit.framework */; };
		8D0B8632168D3B7B00DEA5B7 /* Foundation.framework in Frameworks */ = {isa = PBXBuildFile; fileRef = 8D0B8631168D3B7B00DEA5B7 /* Foundation.framework */; };
		8D0B8634168D3B7B00DEA5B7 /* CoreGraphics.framework in Frameworks */ = {isa = PBXBuildFile; fileRef = 8D0B8633168D3B7B00DEA5B7 /* CoreGraphics.framework */; };
		8D0B8636168D3B7B00DEA5B7 /* CoreData.framework in Frameworks */ = {isa = PBXBuildFile; fileRef = 8D0B8635168D3B7B00DEA5B7 /* CoreData.framework */; };
		8D0B863C168D3B7B00DEA5B7 /* InfoPlist.strings in Resources */ = {isa = PBXBuildFile; fileRef = 8D0B863A168D3B7B00DEA5B7 /* InfoPlist.strings */; };
		8D0B863E168D3B7B00DEA5B7 /* main.m in Sources */ = {isa = PBXBuildFile; fileRef = 8D0B863D168D3B7B00DEA5B7 /* main.m */; };
		8D0B8642168D3B7B00DEA5B7 /* AppDelegate.m in Sources */ = {isa = PBXBuildFile; fileRef = 8D0B8641168D3B7B00DEA5B7 /* AppDelegate.m */; };
		8D0B8644168D3B7B00DEA5B7 /* Default.png in Resources */ = {isa = PBXBuildFile; fileRef = 8D0B8643168D3B7B00DEA5B7 /* Default.png */; };
		8D0B8646168D3B7B00DEA5B7 /* Default@2x.png in Resources */ = {isa = PBXBuildFile; fileRef = 8D0B8645168D3B7B00DEA5B7 /* Default@2x.png */; };
		8D0B8648168D3B7B00DEA5B7 /* Default-568h@2x.png in Resources */ = {isa = PBXBuildFile; fileRef = 8D0B8647168D3B7B00DEA5B7 /* Default-568h@2x.png */; };
		8D0B864B168D3B7B00DEA5B7 /* MainStoryboard.storyboard in Resources */ = {isa = PBXBuildFile; fileRef = 8D0B8649168D3B7B00DEA5B7 /* MainStoryboard.storyboard */; };
		8D0B864E168D3B7B00DEA5B7 /* StudySO.xcdatamodeld in Sources */ = {isa = PBXBuildFile; fileRef = 8D0B864C168D3B7B00DEA5B7 /* StudySO.xcdatamodeld */; };
		8D0B870F168D85E600DEA5B7 /* FlowViewController.m in Sources */ = {isa = PBXBuildFile; fileRef = 8D0B870E168D85E600DEA5B7 /* FlowViewController.m */; };
		8D0B8713168D861600DEA5B7 /* FlowCell.m in Sources */ = {isa = PBXBuildFile; fileRef = 8D0B8712168D861600DEA5B7 /* FlowCell.m */; };
		8D0B8716168D86D300DEA5B7 /* FlowManager.m in Sources */ = {isa = PBXBuildFile; fileRef = 8D0B8715168D86D300DEA5B7 /* FlowManager.m */; };
		8D0B871C168D8FFB00DEA5B7 /* FlowItem.m in Sources */ = {isa = PBXBuildFile; fileRef = 8D0B871B168D8FFB00DEA5B7 /* FlowItem.m */; };
/* End PBXBuildFile section */

/* Begin PBXFileReference section */
		8D0B862B168D3B7B00DEA5B7 /* StudySO.app */ = {isa = PBXFileReference; explicitFileType = wrapper.application; includeInIndex = 0; path = StudySO.app; sourceTree = BUILT_PRODUCTS_DIR; };
		8D0B862F168D3B7B00DEA5B7 /* UIKit.framework */ = {isa = PBXFileReference; lastKnownFileType = wrapper.framework; name = UIKit.framework; path = System/Library/Frameworks/UIKit.framework; sourceTree = SDKROOT; };
		8D0B8631168D3B7B00DEA5B7 /* Foundation.framework */ = {isa = PBXFileReference; lastKnownFileType = wrapper.framework; name = Foundation.framework; path = System/Library/Frameworks/Foundation.framework; sourceTree = SDKROOT; };
		8D0B8633168D3B7B00DEA5B7 /* CoreGraphics.framework */ = {isa = PBXFileReference; lastKnownFileType = wrapper.framework; name = CoreGraphics.framework; path = System/Library/Frameworks/CoreGraphics.framework; sourceTree = SDKROOT; };
		8D0B8635168D3B7B00DEA5B7 /* CoreData.framework */ = {isa = PBXFileReference; lastKnownFileType = wrapper.framework; name = CoreData.framework; path = System/Library/Frameworks/CoreData.framework; sourceTree = SDKROOT; };
		8D0B8639168D3B7B00DEA5B7 /* StudySO-Info.plist */ = {isa = PBXFileReference; lastKnownFileType = text.plist.xml; path = "StudySO-Info.plist"; sourceTree = "<group>"; };
		8D0B863B168D3B7B00DEA5B7 /* en */ = {isa = PBXFileReference; lastKnownFileType = text.plist.strings; name = en; path = en.lproj/InfoPlist.strings; sourceTree = "<group>"; };
		8D0B863D168D3B7B00DEA5B7 /* main.m */ = {isa = PBXFileReference; lastKnownFileType = sourcecode.c.objc; path = main.m; sourceTree = "<group>"; };
		8D0B863F168D3B7B00DEA5B7 /* StudySO-Prefix.pch */ = {isa = PBXFileReference; lastKnownFileType = sourcecode.c.h; path = "StudySO-Prefix.pch"; sourceTree = "<group>"; };
		8D0B8640168D3B7B00DEA5B7 /* AppDelegate.h */ = {isa = PBXFileReference; lastKnownFileType = sourcecode.c.h; path = AppDelegate.h; sourceTree = "<group>"; };
		8D0B8641168D3B7B00DEA5B7 /* AppDelegate.m */ = {isa = PBXFileReference; lastKnownFileType = sourcecode.c.objc; path = AppDelegate.m; sourceTree = "<group>"; };
		8D0B8643168D3B7B00DEA5B7 /* Default.png */ = {isa = PBXFileReference; lastKnownFileType = image.png; path = Default.png; sourceTree = "<group>"; };
		8D0B8645168D3B7B00DEA5B7 /* Default@2x.png */ = {isa = PBXFileReference; lastKnownFileType = image.png; path = "Default@2x.png"; sourceTree = "<group>"; };
		8D0B8647168D3B7B00DEA5B7 /* Default-568h@2x.png */ = {isa = PBXFileReference; lastKnownFileType = image.png; path = "Default-568h@2x.png"; sourceTree = "<group>"; };
		8D0B864A168D3B7B00DEA5B7 /* en */ = {isa = PBXFileReference; lastKnownFileType = file.storyboard; name = en; path = en.lproj/MainStoryboard.storyboard; sourceTree = "<group>"; };
		8D0B864D168D3B7B00DEA5B7 /* StudySO.xcdatamodel */ = {isa = PBXFileReference; lastKnownFileType = wrapper.xcdatamodel; path = StudySO.xcdatamodel; sourceTree = "<group>"; };
		8D0B870D168D85E600DEA5B7 /* FlowViewController.h */ = {isa = PBXFileReference; fileEncoding = 4; lastKnownFileType = sourcecode.c.h; path = FlowViewController.h; sourceTree = "<group>"; };
		8D0B870E168D85E600DEA5B7 /* FlowViewController.m */ = {isa = PBXFileReference; fileEncoding = 4; lastKnownFileType = sourcecode.c.objc; path = FlowViewController.m; sourceTree = "<group>"; };
		8D0B8711168D861600DEA5B7 /* FlowCell.h */ = {isa = PBXFileReference; fileEncoding = 4; lastKnownFileType = sourcecode.c.h; path = FlowCell.h; sourceTree = "<group>"; };
		8D0B8712168D861600DEA5B7 /* FlowCell.m */ = {isa = PBXFileReference; fileEncoding = 4; lastKnownFileType = sourcecode.c.objc; path = FlowCell.m; sourceTree = "<group>"; };
		8D0B8714168D86D300DEA5B7 /* FlowManager.h */ = {isa = PBXFileReference; fileEncoding = 4; lastKnownFileType = sourcecode.c.h; path = FlowManager.h; sourceTree = "<group>"; };
		8D0B8715168D86D300DEA5B7 /* FlowManager.m */ = {isa = PBXFileReference; fileEncoding = 4; lastKnownFileType = sourcecode.c.objc; path = FlowManager.m; sourceTree = "<group>"; };
		8D0B8717168D87E400DEA5B7 /* Define.h */ = {isa = PBXFileReference; fileEncoding = 4; lastKnownFileType = sourcecode.c.h; path = Define.h; sourceTree = "<group>"; };
		8D0B871A168D8FFB00DEA5B7 /* FlowItem.h */ = {isa = PBXFileReference; fileEncoding = 4; lastKnownFileType = sourcecode.c.h; path = FlowItem.h; sourceTree = "<group>"; };
		8D0B871B168D8FFB00DEA5B7 /* FlowItem.m */ = {isa = PBXFileReference; fileEncoding = 4; lastKnownFileType = sourcecode.c.objc; path = FlowItem.m; sourceTree = "<group>"; };
/* End PBXFileReference section */

/* Begin PBXFrameworksBuildPhase section */
		8D0B8628168D3B7B00DEA5B7 /* Frameworks */ = {
			isa = PBXFrameworksBuildPhase;
			buildActionMask = 2147483647;
			files = (
				8D0B8630168D3B7B00DEA5B7 /* UIKit.framework in Frameworks */,
				8D0B8632168D3B7B00DEA5B7 /* Foundation.framework in Frameworks */,
				8D0B8634168D3B7B00DEA5B7 /* CoreGraphics.framework in Frameworks */,
				8D0B8636168D3B7B00DEA5B7 /* CoreData.framework in Frameworks */,
			);
			runOnlyForDeploymentPostprocessing = 0;
		};
/* End PBXFrameworksBuildPhase section */

/* Begin PBXGroup section */
		8D0B8620168D3B7B00DEA5B7 = {
			isa = PBXGroup;
			children = (
				8D0B8637168D3B7B00DEA5B7 /* StudySO */,
				8D0B862E168D3B7B00DEA5B7 /* Frameworks */,
				8D0B862C168D3B7B00DEA5B7 /* Products */,
			);
			sourceTree = "<group>";
		};
		8D0B862C168D3B7B00DEA5B7 /* Products */ = {
			isa = PBXGroup;
			children = (
				8D0B862B168D3B7B00DEA5B7 /* StudySO.app */,
			);
			name = Products;
			sourceTree = "<group>";
		};
		8D0B862E168D3B7B00DEA5B7 /* Frameworks */ = {
			isa = PBXGroup;
			children = (
				8D0B862F168D3B7B00DEA5B7 /* UIKit.framework */,
				8D0B8631168D3B7B00DEA5B7 /* Foundation.framework */,
				8D0B8633168D3B7B00DEA5B7 /* CoreGraphics.framework */,
				8D0B8635168D3B7B00DEA5B7 /* CoreData.framework */,
			);
			name = Frameworks;
			sourceTree = "<group>";
		};
		8D0B8637168D3B7B00DEA5B7 /* StudySO */ = {
			isa = PBXGroup;
			children = (
				8D0B867A168D777000DEA5B7 /* Controller */,
				8D0B867B168D777000DEA5B7 /* Modul */,
				8D0B867C168D777000DEA5B7 /* View */,
				8D0B8640168D3B7B00DEA5B7 /* AppDelegate.h */,
				8D0B8641168D3B7B00DEA5B7 /* AppDelegate.m */,
				8D0B8649168D3B7B00DEA5B7 /* MainStoryboard.storyboard */,
				8D0B864C168D3B7B00DEA5B7 /* StudySO.xcdatamodeld */,
				8D0B8638168D3B7B00DEA5B7 /* Supporting Files */,
			);
			path = StudySO;
			sourceTree = "<group>";
		};
		8D0B8638168D3B7B00DEA5B7 /* Supporting Files */ = {
			isa = PBXGroup;
			children = (
				8D0B8639168D3B7B00DEA5B7 /* StudySO-Info.plist */,
				8D0B863A168D3B7B00DEA5B7 /* InfoPlist.strings */,
				8D0B863D168D3B7B00DEA5B7 /* main.m */,
				8D0B863F168D3B7B00DEA5B7 /* StudySO-Prefix.pch */,
				8D0B8643168D3B7B00DEA5B7 /* Default.png */,
				8D0B8645168D3B7B00DEA5B7 /* Default@2x.png */,
				8D0B8647168D3B7B00DEA5B7 /* Default-568h@2x.png */,
			);
			name = "Supporting Files";
			sourceTree = "<group>";
		};
		8D0B867A168D777000DEA5B7 /* Controller */ = {
			isa = PBXGroup;
			children = (
				8D0B870D168D85E600DEA5B7 /* FlowViewController.h */,
				8D0B870E168D85E600DEA5B7 /* FlowViewController.m */,
				8D0B8711168D861600DEA5B7 /* FlowCell.h */,
				8D0B8712168D861600DEA5B7 /* FlowCell.m */,
				8D0B871A168D8FFB00DEA5B7 /* FlowItem.h */,
				8D0B871B168D8FFB00DEA5B7 /* FlowItem.m */,
			);
			name = Controller;
			path = Class/Controller;
			sourceTree = "<group>";
		};
		8D0B867B168D777000DEA5B7 /* Modul */ = {
			isa = PBXGroup;
			children = (
				8D0B8717168D87E400DEA5B7 /* Define.h */,
				8D0B8714168D86D300DEA5B7 /* FlowManager.h */,
				8D0B8715168D86D300DEA5B7 /* FlowManager.m */,
			);
			name = Modul;
			path = Class/Modul;
			sourceTree = "<group>";
		};
		8D0B867C168D777000DEA5B7 /* View */ = {
			isa = PBXGroup;
			children = (
			);
			name = View;
			path = Class/View;
			sourceTree = "<group>";
		};
/* End PBXGroup section */

/* Begin PBXNativeTarget section */
		8D0B862A168D3B7B00DEA5B7 /* StudySO */ = {
			isa = PBXNativeTarget;
			buildConfigurationList = 8D0B8657168D3B7B00DEA5B7 /* Build configuration list for PBXNativeTarget "StudySO" */;
			buildPhases = (
				8D0B8627168D3B7B00DEA5B7 /* Sources */,
				8D0B8628168D3B7B00DEA5B7 /* Frameworks */,
				8D0B8629168D3B7B00DEA5B7 /* Resources */,
			);
			buildRules = (
			);
			dependencies = (
			);
			name = StudySO;
			productName = StudySO;
			productReference = 8D0B862B168D3B7B00DEA5B7 /* StudySO.app */;
			productType = "com.apple.product-type.application";
		};
/* End PBXNativeTarget section */

/* Begin PBXProject section */
		8D0B8622168D3B7B00DEA5B7 /* Project object */ = {
			isa = PBXProject;
			attributes = {
				LastUpgradeCheck = 0450;
				ORGANIZATIONNAME = ZhangYiCheng;
			};
			buildConfigurationList = 8D0B8625168D3B7B00DEA5B7 /* Build configuration list for PBXProject "StudySO" */;
			compatibilityVersion = "Xcode 3.2";
			developmentRegion = English;
			hasScannedForEncodings = 0;
			knownRegions = (
				en,
			);
			mainGroup = 8D0B8620168D3B7B00DEA5B7;
			productRefGroup = 8D0B862C168D3B7B00DEA5B7 /* Products */;
			projectDirPath = "";
			projectRoot = "";
			targets = (
				8D0B862A168D3B7B00DEA5B7 /* StudySO */,
			);
		};
/* End PBXProject section */

/* Begin PBXResourcesBuildPhase section */
		8D0B8629168D3B7B00DEA5B7 /* Resources */ = {
			isa = PBXResourcesBuildPhase;
			buildActionMask = 2147483647;
			files = (
				8D0B863C168D3B7B00DEA5B7 /* InfoPlist.strings in Resources */,
				8D0B8644168D3B7B00DEA5B7 /* Default.png in Resources */,
				8D0B8646168D3B7B00DEA5B7 /* Default@2x.png in Resources */,
				8D0B8648168D3B7B00DEA5B7 /* Default-568h@2x.png in Resources */,
				8D0B864B168D3B7B00DEA5B7 /* MainStoryboard.storyboard in Resources */,
			);
			runOnlyForDeploymentPostprocessing = 0;
		};
/* End PBXResourcesBuildPhase section */

/* Begin PBXSourcesBuildPhase section */
		8D0B8627168D3B7B00DEA5B7 /* Sources */ = {
			isa = PBXSourcesBuildPhase;
			buildActionMask = 2147483647;
			files = (
				8D0B863E168D3B7B00DEA5B7 /* main.m in Sources */,
				8D0B8642168D3B7B00DEA5B7 /* AppDelegate.m in Sources */,
				8D0B864E168D3B7B00DEA5B7 /* StudySO.xcdatamodeld in Sources */,
				8D0B870F168D85E600DEA5B7 /* FlowViewController.m in Sources */,
				8D0B8713168D861600DEA5B7 /* FlowCell.m in Sources */,
				8D0B8716168D86D300DEA5B7 /* FlowManager.m in Sources */,
				8D0B871C168D8FFB00DEA5B7 /* FlowItem.m in Sources */,
			);
			runOnlyForDeploymentPostprocessing = 0;
		};
/* End PBXSourcesBuildPhase section */

/* Begin PBXVariantGroup section */
		8D0B863A168D3B7B00DEA5B7 /* InfoPlist.strings */ = {
			isa = PBXVariantGroup;
			children = (
				8D0B863B168D3B7B00DEA5B7 /* en */,
			);
			name = InfoPlist.strings;
			sourceTree = "<group>";
		};
		8D0B8649168D3B7B00DEA5B7 /* MainStoryboard.storyboard */ = {
			isa = PBXVariantGroup;
			children = (
				8D0B864A168D3B7B00DEA5B7 /* en */,
			);
			name = MainStoryboard.storyboard;
			sourceTree = "<group>";
		};
/* End PBXVariantGroup section */

/* Begin XCBuildConfiguration section */
		8D0B8655168D3B7B00DEA5B7 /* Debug */ = {
			isa = XCBuildConfiguration;
			buildSettings = {
				ALWAYS_SEARCH_USER_PATHS = NO;
				CLANG_CXX_LANGUAGE_STANDARD = "gnu++0x";
				CLANG_CXX_LIBRARY = "libc++";
				CLANG_ENABLE_OBJC_ARC = YES;
				CLANG_WARN_EMPTY_BODY = YES;
				CLANG_WARN__DUPLICATE_METHOD_MATCH = YES;
				"CODE_SIGN_IDENTITY[sdk=iphoneos*]" = "iPhone Developer";
				COPY_PHASE_STRIP = NO;
				GCC_C_LANGUAGE_STANDARD = gnu99;
				GCC_DYNAMIC_NO_PIC = NO;
				GCC_OPTIMIZATION_LEVEL = 0;
				GCC_PREPROCESSOR_DEFINITIONS = (
					"DEBUG=1",
					"$(inherited)",
				);
				GCC_SYMBOLS_PRIVATE_EXTERN = NO;
				GCC_WARN_ABOUT_RETURN_TYPE = YES;
				GCC_WARN_UNINITIALIZED_AUTOS = YES;
				GCC_WARN_UNUSED_VARIABLE = YES;
				IPHONEOS_DEPLOYMENT_TARGET = 6.0;
				SDKROOT = iphoneos;
			};
			name = Debug;
		};
		8D0B8656168D3B7B00DEA5B7 /* Release */ = {
			isa = XCBuildConfiguration;
			buildSettings = {
				ALWAYS_SEARCH_USER_PATHS = NO;
				CLANG_CXX_LANGUAGE_STANDARD = "gnu++0x";
				CLANG_CXX_LIBRARY = "libc++";
				CLANG_ENABLE_OBJC_ARC = YES;
				CLANG_WARN_EMPTY_BODY = YES;
				CLANG_WARN__DUPLICATE_METHOD_MATCH = YES;
				"CODE_SIGN_IDENTITY[sdk=iphoneos*]" = "iPhone Developer";
				COPY_PHASE_STRIP = YES;
				GCC_C_LANGUAGE_STANDARD = gnu99;
				GCC_WARN_ABOUT_RETURN_TYPE = YES;
				GCC_WARN_UNINITIALIZED_AUTOS = YES;
				GCC_WARN_UNUSED_VARIABLE = YES;
				IPHONEOS_DEPLOYMENT_TARGET = 6.0;
				OTHER_CFLAGS = "-DNS_BLOCK_ASSERTIONS=1";
				SDKROOT = iphoneos;
				VALIDATE_PRODUCT = YES;
			};
			name = Release;
		};
		8D0B8658168D3B7B00DEA5B7 /* Debug */ = {
			isa = XCBuildConfiguration;
			buildSettings = {
				GCC_PRECOMPILE_PREFIX_HEADER = YES;
				GCC_PREFIX_HEADER = "StudySO/StudySO-Prefix.pch";
				INFOPLIST_FILE = "StudySO/StudySO-Info.plist";
				IPHONEOS_DEPLOYMENT_TARGET = 5.0;
				PRODUCT_NAME = "$(TARGET_NAME)";
				WRAPPER_EXTENSION = app;
			};
			name = Debug;
		};
		8D0B8659168D3B7B00DEA5B7 /* Release */ = {
			isa = XCBuildConfiguration;
			buildSettings = {
				GCC_PRECOMPILE_PREFIX_HEADER = YES;
				GCC_PREFIX_HEADER = "StudySO/StudySO-Prefix.pch";
				INFOPLIST_FILE = "StudySO/StudySO-Info.plist";
				IPHONEOS_DEPLOYMENT_TARGET = 5.0;
				PRODUCT_NAME = "$(TARGET_NAME)";
				WRAPPER_EXTENSION = app;
			};
			name = Release;
		};
/* End XCBuildConfiguration section */

/* Begin XCConfigurationList section */
		8D0B8625168D3B7B00DEA5B7 /* Build configuration list for PBXProject "StudySO" */ = {
			isa = XCConfigurationList;
			buildConfigurations = (
				8D0B8655168D3B7B00DEA5B7 /* Debug */,
				8D0B8656168D3B7B00DEA5B7 /* Release */,
			);
			defaultConfigurationIsVisible = 0;
			defaultConfigurationName = Release;
		};
		8D0B8657168D3B7B00DEA5B7 /* Build configuration list for PBXNativeTarget "StudySO" */ = {
			isa = XCConfigurationList;
			buildConfigurations = (
				8D0B8658168D3B7B00DEA5B7 /* Debug */,
				8D0B8659168D3B7B00DEA5B7 /* Release */,
			);
			defaultConfigurationIsVisible = 0;
			defaultConfigurationName = Release;
		};
/* End XCConfigurationList section */

/* Begin XCVersionGroup section */
		8D0B864C168D3B7B00DEA5B7 /* StudySO.xcdatamodeld */ = {
			isa = XCVersionGroup;
			children = (
				8D0B864D168D3B7B00DEA5B7 /* StudySO.xcdatamodel */,
			);
			currentVersion = 8D0B864D168D3B7B00DEA5B7 /* StudySO.xcdatamodel */;
			path = StudySO.xcdatamodeld;
			sourceTree = "<group>";
			versionGroupType = wrapper.xcdatamodel;
		};
/* End XCVersionGroup section */
	};
	rootObject = 8D0B8622168D3B7B00DEA5B7 /* Project object */;
}
